
Microsoft Visual Studio Solution File, Format Version 12.00
# Visual Studio Version 17
VisualStudioVersion = 17.3.32901.215
MinimumVisualStudioVersion = 10.0.40219.1
Project("{8BC9CEB8-8B4A-11D0-8D11-00A0C91BC942}") = "sy1_类的实验_3_Book", "Cpp_experiment.vcxproj", "{0B53BC8A-7DB2-4293-9802-5C1E640D9AB1}"
EndProject
Project("{8BC9CEB8-8B4A-11D0-8D11-00A0C91BC942}") = "sy1_类的实验_2_Box", "..\sy_1_Box\sy_1_Box.vcxproj", "{00D4F94E-3AFD-429B-942B-FFD0C25FA4B3}"
EndProject
Project("{8BC9CEB8-8B4A-11D0-8D11-00A0C91BC942}") = "sy1_类的实验_1_Student", "..\sy_1_Student\sy_1_Student.vcxproj", "{40C36397-D0A3-44EE-9C33-68C22ADEDBC2}"
EndProject
Project("{8BC9CEB8-8B4A-11D0-8D11-00A0C91BC942}") = "sy2_类的进一步应用与编程_3_Book", "..\sy_2_Book\sy_2_Book.vcxproj", "{4410A643-E3E3-4A1A-A89A-292D4D758751}"
EndProject
Project("{8BC9CEB8-8B4A-11D0-8D11-00A0C91BC942}") = "sy2_类的进一步应用与编程_2_Student", "..\sy_2_Student\sy_2_Student.vcxproj", "{14E65ABB-2D1B-44C4-9B74-E122C28CCD44}"
EndProject
Project("{8BC9CEB8-8B4A-11D0-8D11-00A0C91BC942}") = "sy2_类的进一步应用与编程_1_Tri", "..\sy_2_Tri\sy_2_Tri.vcxproj", "{2C10BB4C-3ED4-4139-A7CA-309A8A8A93CF}"
EndProject
Project("{8BC9CEB8-8B4A-11D0-8D11-00A0C91BC942}") = "sy3_类组合的应用与编程_4_Book", "..\sy_3_Book\sy_3_Book.vcxproj", "{F5369CA3-E4C9-4B11-9E5F-EC19065BC788}"
EndProject
Project("{8BC9CEB8-8B4A-11D0-8D11-00A0C91BC942}") = "sy3_类组合的应用与编程_2_Rectangle", "..\sy_3_Point\sy_3_Point.vcxproj", "{4E4B8B68-D36E-49F1-B90B-D2D41F742D80}"
EndProject
Project("{8BC9CEB8-8B4A-11D0-8D11-00A0C91BC942}") = "sy3_类组合的应用与编程_1_Teacher", "..\sy_3_Teacher\sy_3_Teacher.vcxproj", "{6B81EC37-9CF0-48A1-99BE-2846F9C28C47}"
EndProject
Project("{8BC9CEB8-8B4A-11D0-8D11-00A0C91BC942}") = "sy3_类组合的应用与编程_3_Whole", "..\sy_3_Whole\sy_3_Whole.vcxproj", "{70682055-8C64-43EC-8C75-ADE414863AB8}"
EndProject
Project("{8BC9CEB8-8B4A-11D0-8D11-00A0C91BC942}") = "sy2_巩固练习_Time", "..\sy_2_巩固练习_Time\sy_2_巩固练习_Time.vcxproj", "{446A6D2A-5A9D-4262-8E22-A897B1A59BE4}"
EndProject
Project("{8BC9CEB8-8B4A-11D0-8D11-00A0C91BC942}") = "sy3_课后作业_Rectangle", "..\sy3_课后作业_Rectangle\sy3_课后作业_Rectangle.vcxproj", "{980EFB99-4601-44FA-B042-B647C96EE381}"
EndProject
Project("{8BC9CEB8-8B4A-11D0-8D11-00A0C91BC942}") = "sy4_多态的应用_1.1_函数重载_Min", "..\sy4_多态的应用_1_函数重载\sy4_多态的应用_1_函数重载.vcxproj", "{D0C7DCFA-9C95-4F36-BD3F-1B6B596B0DCC}"
EndProject
Project("{8BC9CEB8-8B4A-11D0-8D11-00A0C91BC942}") = "sy4_多态的应用_1.2_函数重载_函数模板_Min", "..\sy4_多态的应用_1.2_类模板\sy4_多态的应用_1.2_类模板.vcxproj", "{1A43AFBD-18F9-421D-9DA1-23372B07D314}"
EndProject
Project("{8BC9CEB8-8B4A-11D0-8D11-00A0C91BC942}") = "4_多态的应用_1_函数重载", "..\sy_4多态的应用_0_1_函数重载\sy_4多态的应用_0_1_函数重载.vcxproj", "{00D74B5A-5965-482E-BFE0-EAFB791159BB}"
EndProject
Project("{8BC9CEB8-8B4A-11D0-8D11-00A0C91BC942}") = "4_多态的应用_2_函数重载_函数模板", "..\4_多态的应用_1_类模板\4_多态的应用_1_类模板.vcxproj", "{D2F9D5B7-C9A9-4858-BDBF-B96984E2CF62}"
EndProject
Project("{8BC9CEB8-8B4A-11D0-8D11-00A0C91BC942}") = "4_多态的应用_3_函数重载_类模板", "..\4_多态的应用_3_类模板\4_多态的应用_3_类模板.vcxproj", "{8018514A-C102-41AF-B3C8-0F814BD3BC55}"
EndProject
Project("{8BC9CEB8-8B4A-11D0-8D11-00A0C91BC942}") = "sy4_多态的应用_1.3_函数重载_类模板_Min", "..\sy4_多态的应用_1.3_类模板\sy4_多态的应用_1.3_类模板.vcxproj", "{9CBE1E94-9A93-4C01-AE2A-44710F508A58}"
EndProject
Project("{8BC9CEB8-8B4A-11D0-8D11-00A0C91BC942}") = "sy4_多态的应用_2.1_算数运算符重载_成员函数_Complex", "..\sy4_多态的应用_2_Complex\sy4_多态的应用_2_Complex.vcxproj", "{17EBE297-A71B-4B02-8EAA-59DC044F022F}"
EndProject
Project("{8BC9CEB8-8B4A-11D0-8D11-00A0C91BC942}") = "sy4_多态的应用_2.2_算数运算符重载_友元函数_Complex", "..\sy4_多态的应用_2.2_运算符重载为友元函数_Complex\sy4_多态的应用_2.2_运算符重载为友元函数_Complex.vcxproj", "{1E996AF2-B178-4024-96BF-CB634FDF58F3}"
EndProject
Project("{8BC9CEB8-8B4A-11D0-8D11-00A0C91BC942}") = "4_多态的应用_4_运算符重载_成员函数", "..\4_多态的应用_4_运算符重载为成员函数\4_多态的应用_4_运算符重载为成员函数.vcxproj", "{F1EDA2EC-1658-4594-9F50-3493B88F7AA0}"
EndProject
Project("{8BC9CEB8-8B4A-11D0-8D11-00A0C91BC942}") = "4_多态的应用_5_运算符重载_友元函数", "..\4_多态的应用_5_运算符重载为友元函数\4_多态的应用_5_运算符重载为友元函数.vcxproj", "{0B5BD8EC-2688-4124-89A3-A41835E71FE0}"
EndProject
Project("{8BC9CEB8-8B4A-11D0-8D11-00A0C91BC942}") = "4_多态的应用_6_运算符重载_重载插入-提取运算符", "..\4_多态的应用_5_运算符重载_重载插入-提取运算符\4_多态的应用_5_运算符重载_重载插入-提取运算符.vcxproj", "{676E0CB7-20EB-4F8D-BDE0-EF73499FE260}"
EndProject
Project("{8BC9CEB8-8B4A-11D0-8D11-00A0C91BC942}") = "sy4_多态的应用_3_输入输出运算符重载_Student", "..\sy4_多态的应用_3_输入输出运算符重载_Student\sy4_多态的应用_3_输入输出运算符重载_Student.vcxproj", "{941DCAA4-B19B-4DD2-BF4E-862608F8DFA0}"
EndProject
Project("{8BC9CEB8-8B4A-11D0-8D11-00A0C91BC942}") = "sy4_多态的应用_4_Book", "..\sy4_多态的应用_4_Student\sy4_多态的应用_4_Student.vcxproj", "{FFBDC1D4-5B8D-49B0-B4E2-8A19B65EF0FF}"
EndProject
Project("{8BC9CEB8-8B4A-11D0-8D11-00A0C91BC942}") = "sy5_继承的应用_2_虚函数_Shape", "..\sy5_继承的应用_2_虚函数_Shape\sy5_继承的应用_2_虚函数_Shape.vcxproj", "{6160815A-2E2F-4322-9671-63D08B1C8AD4}"
EndProject
Project("{8BC9CEB8-8B4A-11D0-8D11-00A0C91BC942}") = "sy5_继承的应用_1_单继承_Cylinder", "..\sy5_继承的应用_1_单继承_Cylinder\sy5_继承的应用_1_单继承_Cylinder.vcxproj", "{C171A910-80DC-4257-B1D2-C431145FE292}"
EndProject
Global
	GlobalSection(SolutionConfigurationPlatforms) = preSolution
		Debug|x64 = Debug|x64
		Debug|x86 = Debug|x86
		Release|x64 = Release|x64
		Release|x86 = Release|x86
	EndGlobalSection
	GlobalSection(ProjectConfigurationPlatforms) = postSolution
		{0B53BC8A-7DB2-4293-9802-5C1E640D9AB1}.Debug|x64.ActiveCfg = Debug|x64
		{0B53BC8A-7DB2-4293-9802-5C1E640D9AB1}.Debug|x64.Build.0 = Debug|x64
		{0B53BC8A-7DB2-4293-9802-5C1E640D9AB1}.Debug|x86.ActiveCfg = Debug|Win32
		{0B53BC8A-7DB2-4293-9802-5C1E640D9AB1}.Debug|x86.Build.0 = Debug|Win32
		{0B53BC8A-7DB2-4293-9802-5C1E640D9AB1}.Release|x64.ActiveCfg = Release|x64
		{0B53BC8A-7DB2-4293-9802-5C1E640D9AB1}.Release|x64.Build.0 = Release|x64
		{0B53BC8A-7DB2-4293-9802-5C1E640D9AB1}.Release|x86.ActiveCfg = Release|Win32
		{0B53BC8A-7DB2-4293-9802-5C1E640D9AB1}.Release|x86.Build.0 = Release|Win32
		{00D4F94E-3AFD-429B-942B-FFD0C25FA4B3}.Debug|x64.ActiveCfg = Debug|x64
		{00D4F94E-3AFD-429B-942B-FFD0C25FA4B3}.Debug|x64.Build.0 = Debug|x64
		{00D4F94E-3AFD-429B-942B-FFD0C25FA4B3}.Debug|x86.ActiveCfg = Debug|Win32
		{00D4F94E-3AFD-429B-942B-FFD0C25FA4B3}.Debug|x86.Build.0 = Debug|Win32
		{00D4F94E-3AFD-429B-942B-FFD0C25FA4B3}.Release|x64.ActiveCfg = Release|x64
		{00D4F94E-3AFD-429B-942B-FFD0C25FA4B3}.Release|x64.Build.0 = Release|x64
		{00D4F94E-3AFD-429B-942B-FFD0C25FA4B3}.Release|x86.ActiveCfg = Release|Win32
		{00D4F94E-3AFD-429B-942B-FFD0C25FA4B3}.Release|x86.Build.0 = Release|Win32
		{40C36397-D0A3-44EE-9C33-68C22ADEDBC2}.Debug|x64.ActiveCfg = Debug|x64
		{40C36397-D0A3-44EE-9C33-68C22ADEDBC2}.Debug|x64.Build.0 = Debug|x64
		{40C36397-D0A3-44EE-9C33-68C22ADEDBC2}.Debug|x86.ActiveCfg = Debug|Win32
		{40C36397-D0A3-44EE-9C33-68C22ADEDBC2}.Debug|x86.Build.0 = Debug|Win32
		{40C36397-D0A3-44EE-9C33-68C22ADEDBC2}.Release|x64.ActiveCfg = Release|x64
		{40C36397-D0A3-44EE-9C33-68C22ADEDBC2}.Release|x64.Build.0 = Release|x64
		{40C36397-D0A3-44EE-9C33-68C22ADEDBC2}.Release|x86.ActiveCfg = Release|Win32
		{40C36397-D0A3-44EE-9C33-68C22ADEDBC2}.Release|x86.Build.0 = Release|Win32
		{4410A643-E3E3-4A1A-A89A-292D4D758751}.Debug|x64.ActiveCfg = Debug|x64
		{4410A643-E3E3-4A1A-A89A-292D4D758751}.Debug|x64.Build.0 = Debug|x64
		{4410A643-E3E3-4A1A-A89A-292D4D758751}.Debug|x86.ActiveCfg = Debug|Win32
		{4410A643-E3E3-4A1A-A89A-292D4D758751}.Debug|x86.Build.0 = Debug|Win32
		{4410A643-E3E3-4A1A-A89A-292D4D758751}.Release|x64.ActiveCfg = Release|x64
		{4410A643-E3E3-4A1A-A89A-292D4D758751}.Release|x64.Build.0 = Release|x64
		{4410A643-E3E3-4A1A-A89A-292D4D758751}.Release|x86.ActiveCfg = Release|Win32
		{4410A643-E3E3-4A1A-A89A-292D4D758751}.Release|x86.Build.0 = Release|Win32
		{14E65ABB-2D1B-44C4-9B74-E122C28CCD44}.Debug|x64.ActiveCfg = Debug|x64
		{14E65ABB-2D1B-44C4-9B74-E122C28CCD44}.Debug|x64.Build.0 = Debug|x64
		{14E65ABB-2D1B-44C4-9B74-E122C28CCD44}.Debug|x86.ActiveCfg = Debug|Win32
		{14E65ABB-2D1B-44C4-9B74-E122C28CCD44}.Debug|x86.Build.0 = Debug|Win32
		{14E65ABB-2D1B-44C4-9B74-E122C28CCD44}.Release|x64.ActiveCfg = Release|x64
		{14E65ABB-2D1B-44C4-9B74-E122C28CCD44}.Release|x64.Build.0 = Release|x64
		{14E65ABB-2D1B-44C4-9B74-E122C28CCD44}.Release|x86.ActiveCfg = Release|Win32
		{14E65ABB-2D1B-44C4-9B74-E122C28CCD44}.Release|x86.Build.0 = Release|Win32
		{2C10BB4C-3ED4-4139-A7CA-309A8A8A93CF}.Debug|x64.ActiveCfg = Debug|x64
		{2C10BB4C-3ED4-4139-A7CA-309A8A8A93CF}.Debug|x64.Build.0 = Debug|x64
		{2C10BB4C-3ED4-4139-A7CA-309A8A8A93CF}.Debug|x86.ActiveCfg = Debug|Win32
		{2C10BB4C-3ED4-4139-A7CA-309A8A8A93CF}.Debug|x86.Build.0 = Debug|Win32
		{2C10BB4C-3ED4-4139-A7CA-309A8A8A93CF}.Release|x64.ActiveCfg = Release|x64
		{2C10BB4C-3ED4-4139-A7CA-309A8A8A93CF}.Release|x64.Build.0 = Release|x64
		{2C10BB4C-3ED4-4139-A7CA-309A8A8A93CF}.Release|x86.ActiveCfg = Release|Win32
		{2C10BB4C-3ED4-4139-A7CA-309A8A8A93CF}.Release|x86.Build.0 = Release|Win32
		{F5369CA3-E4C9-4B11-9E5F-EC19065BC788}.Debug|x64.ActiveCfg = Debug|x64
		{F5369CA3-E4C9-4B11-9E5F-EC19065BC788}.Debug|x64.Build.0 = Debug|x64
		{F5369CA3-E4C9-4B11-9E5F-EC19065BC788}.Debug|x86.ActiveCfg = Debug|Win32
		{F5369CA3-E4C9-4B11-9E5F-EC19065BC788}.Debug|x86.Build.0 = Debug|Win32
		{F5369CA3-E4C9-4B11-9E5F-EC19065BC788}.Release|x64.ActiveCfg = Release|x64
		{F5369CA3-E4C9-4B11-9E5F-EC19065BC788}.Release|x64.Build.0 = Release|x64
		{F5369CA3-E4C9-4B11-9E5F-EC19065BC788}.Release|x86.ActiveCfg = Release|Win32
		{F5369CA3-E4C9-4B11-9E5F-EC19065BC788}.Release|x86.Build.0 = Release|Win32
		{4E4B8B68-D36E-49F1-B90B-D2D41F742D80}.Debug|x64.ActiveCfg = Debug|x64
		{4E4B8B68-D36E-49F1-B90B-D2D41F742D80}.Debug|x64.Build.0 = Debug|x64
		{4E4B8B68-D36E-49F1-B90B-D2D41F742D80}.Debug|x86.ActiveCfg = Debug|Win32
		{4E4B8B68-D36E-49F1-B90B-D2D41F742D80}.Debug|x86.Build.0 = Debug|Win32
		{4E4B8B68-D36E-49F1-B90B-D2D41F742D80}.Release|x64.ActiveCfg = Release|x64
		{4E4B8B68-D36E-49F1-B90B-D2D41F742D80}.Release|x64.Build.0 = Release|x64
		{4E4B8B68-D36E-49F1-B90B-D2D41F742D80}.Release|x86.ActiveCfg = Release|Win32
		{4E4B8B68-D36E-49F1-B90B-D2D41F742D80}.Release|x86.Build.0 = Release|Win32
		{6B81EC37-9CF0-48A1-99BE-2846F9C28C47}.Debug|x64.ActiveCfg = Debug|x64
		{6B81EC37-9CF0-48A1-99BE-2846F9C28C47}.Debug|x64.Build.0 = Debug|x64
		{6B81EC37-9CF0-48A1-99BE-2846F9C28C47}.Debug|x86.ActiveCfg = Debug|Win32
		{6B81EC37-9CF0-48A1-99BE-2846F9C28C47}.Debug|x86.Build.0 = Debug|Win32
		{6B81EC37-9CF0-48A1-99BE-2846F9C28C47}.Release|x64.ActiveCfg = Release|x64
		{6B81EC37-9CF0-48A1-99BE-2846F9C28C47}.Release|x64.Build.0 = Release|x64
		{6B81EC37-9CF0-48A1-99BE-2846F9C28C47}.Release|x86.ActiveCfg = Release|Win32
		{6B81EC37-9CF0-48A1-99BE-2846F9C28C47}.Release|x86.Build.0 = Release|Win32
		{70682055-8C64-43EC-8C75-ADE414863AB8}.Debug|x64.ActiveCfg = Debug|x64
		{70682055-8C64-43EC-8C75-ADE414863AB8}.Debug|x64.Build.0 = Debug|x64
		{70682055-8C64-43EC-8C75-ADE414863AB8}.Debug|x86.ActiveCfg = Debug|Win32
		{70682055-8C64-43EC-8C75-ADE414863AB8}.Debug|x86.Build.0 = Debug|Win32
		{70682055-8C64-43EC-8C75-ADE414863AB8}.Release|x64.ActiveCfg = Release|x64
		{70682055-8C64-43EC-8C75-ADE414863AB8}.Release|x64.Build.0 = Release|x64
		{70682055-8C64-43EC-8C75-ADE414863AB8}.Release|x86.ActiveCfg = Release|Win32
		{70682055-8C64-43EC-8C75-ADE414863AB8}.Release|x86.Build.0 = Release|Win32
		{446A6D2A-5A9D-4262-8E22-A897B1A59BE4}.Debug|x64.ActiveCfg = Debug|x64
		{446A6D2A-5A9D-4262-8E22-A897B1A59BE4}.Debug|x64.Build.0 = Debug|x64
		{446A6D2A-5A9D-4262-8E22-A897B1A59BE4}.Debug|x86.ActiveCfg = Debug|Win32
		{446A6D2A-5A9D-4262-8E22-A897B1A59BE4}.Debug|x86.Build.0 = Debug|Win32
		{446A6D2A-5A9D-4262-8E22-A897B1A59BE4}.Release|x64.ActiveCfg = Release|x64
		{446A6D2A-5A9D-4262-8E22-A897B1A59BE4}.Release|x64.Build.0 = Release|x64
		{446A6D2A-5A9D-4262-8E22-A897B1A59BE4}.Release|x86.ActiveCfg = Release|Win32
		{446A6D2A-5A9D-4262-8E22-A897B1A59BE4}.Release|x86.Build.0 = Release|Win32
		{980EFB99-4601-44FA-B042-B647C96EE381}.Debug|x64.ActiveCfg = Debug|x64
		{980EFB99-4601-44FA-B042-B647C96EE381}.Debug|x64.Build.0 = Debug|x64
		{980EFB99-4601-44FA-B042-B647C96EE381}.Debug|x86.ActiveCfg = Debug|Win32
		{980EFB99-4601-44FA-B042-B647C96EE381}.Debug|x86.Build.0 = Debug|Win32
		{980EFB99-4601-44FA-B042-B647C96EE381}.Release|x64.ActiveCfg = Release|x64
		{980EFB99-4601-44FA-B042-B647C96EE381}.Release|x64.Build.0 = Release|x64
		{980EFB99-4601-44FA-B042-B647C96EE381}.Release|x86.ActiveCfg = Release|Win32
		{980EFB99-4601-44FA-B042-B647C96EE381}.Release|x86.Build.0 = Release|Win32
		{D0C7DCFA-9C95-4F36-BD3F-1B6B596B0DCC}.Debug|x64.ActiveCfg = Debug|x64
		{D0C7DCFA-9C95-4F36-BD3F-1B6B596B0DCC}.Debug|x64.Build.0 = Debug|x64
		{D0C7DCFA-9C95-4F36-BD3F-1B6B596B0DCC}.Debug|x86.ActiveCfg = Debug|Win32
		{D0C7DCFA-9C95-4F36-BD3F-1B6B596B0DCC}.Debug|x86.Build.0 = Debug|Win32
		{D0C7DCFA-9C95-4F36-BD3F-1B6B596B0DCC}.Release|x64.ActiveCfg = Release|x64
		{D0C7DCFA-9C95-4F36-BD3F-1B6B596B0DCC}.Release|x64.Build.0 = Release|x64
		{D0C7DCFA-9C95-4F36-BD3F-1B6B596B0DCC}.Release|x86.ActiveCfg = Release|Win32
		{D0C7DCFA-9C95-4F36-BD3F-1B6B596B0DCC}.Release|x86.Build.0 = Release|Win32
		{1A43AFBD-18F9-421D-9DA1-23372B07D314}.Debug|x64.ActiveCfg = Debug|x64
		{1A43AFBD-18F9-421D-9DA1-23372B07D314}.Debug|x64.Build.0 = Debug|x64
		{1A43AFBD-18F9-421D-9DA1-23372B07D314}.Debug|x86.ActiveCfg = Debug|Win32
		{1A43AFBD-18F9-421D-9DA1-23372B07D314}.Debug|x86.Build.0 = Debug|Win32
		{1A43AFBD-18F9-421D-9DA1-23372B07D314}.Release|x64.ActiveCfg = Release|x64
		{1A43AFBD-18F9-421D-9DA1-23372B07D314}.Release|x64.Build.0 = Release|x64
		{1A43AFBD-18F9-421D-9DA1-23372B07D314}.Release|x86.ActiveCfg = Release|Win32
		{1A43AFBD-18F9-421D-9DA1-23372B07D314}.Release|x86.Build.0 = Release|Win32
		{00D74B5A-5965-482E-BFE0-EAFB791159BB}.Debug|x64.ActiveCfg = Debug|x64
		{00D74B5A-5965-482E-BFE0-EAFB791159BB}.Debug|x64.Build.0 = Debug|x64
		{00D74B5A-5965-482E-BFE0-EAFB791159BB}.Debug|x86.ActiveCfg = Debug|Win32
		{00D74B5A-5965-482E-BFE0-EAFB791159BB}.Debug|x86.Build.0 = Debug|Win32
		{00D74B5A-5965-482E-BFE0-EAFB791159BB}.Release|x64.ActiveCfg = Release|x64
		{00D74B5A-5965-482E-BFE0-EAFB791159BB}.Release|x64.Build.0 = Release|x64
		{00D74B5A-5965-482E-BFE0-EAFB791159BB}.Release|x86.ActiveCfg = Release|Win32
		{00D74B5A-5965-482E-BFE0-EAFB791159BB}.Release|x86.Build.0 = Release|Win32
		{D2F9D5B7-C9A9-4858-BDBF-B96984E2CF62}.Debug|x64.ActiveCfg = Debug|x64
		{D2F9D5B7-C9A9-4858-BDBF-B96984E2CF62}.Debug|x64.Build.0 = Debug|x64
		{D2F9D5B7-C9A9-4858-BDBF-B96984E2CF62}.Debug|x86.ActiveCfg = Debug|Win32
		{D2F9D5B7-C9A9-4858-BDBF-B96984E2CF62}.Debug|x86.Build.0 = Debug|Win32
		{D2F9D5B7-C9A9-4858-BDBF-B96984E2CF62}.Release|x64.ActiveCfg = Release|x64
		{D2F9D5B7-C9A9-4858-BDBF-B96984E2CF62}.Release|x64.Build.0 = Release|x64
		{D2F9D5B7-C9A9-4858-BDBF-B96984E2CF62}.Release|x86.ActiveCfg = Release|Win32
		{D2F9D5B7-C9A9-4858-BDBF-B96984E2CF62}.Release|x86.Build.0 = Release|Win32
		{8018514A-C102-41AF-B3C8-0F814BD3BC55}.Debug|x64.ActiveCfg = Debug|x64
		{8018514A-C102-41AF-B3C8-0F814BD3BC55}.Debug|x64.Build.0 = Debug|x64
		{8018514A-C102-41AF-B3C8-0F814BD3BC55}.Debug|x86.ActiveCfg = Debug|Win32
		{8018514A-C102-41AF-B3C8-0F814BD3BC55}.Debug|x86.Build.0 = Debug|Win32
		{8018514A-C102-41AF-B3C8-0F814BD3BC55}.Release|x64.ActiveCfg = Release|x64
		{8018514A-C102-41AF-B3C8-0F814BD3BC55}.Release|x64.Build.0 = Release|x64
		{8018514A-C102-41AF-B3C8-0F814BD3BC55}.Release|x86.ActiveCfg = Release|Win32
		{8018514A-C102-41AF-B3C8-0F814BD3BC55}.Release|x86.Build.0 = Release|Win32
		{9CBE1E94-9A93-4C01-AE2A-44710F508A58}.Debug|x64.ActiveCfg = Debug|x64
		{9CBE1E94-9A93-4C01-AE2A-44710F508A58}.Debug|x64.Build.0 = Debug|x64
		{9CBE1E94-9A93-4C01-AE2A-44710F508A58}.Debug|x86.ActiveCfg = Debug|Win32
		{9CBE1E94-9A93-4C01-AE2A-44710F508A58}.Debug|x86.Build.0 = Debug|Win32
		{9CBE1E94-9A93-4C01-AE2A-44710F508A58}.Release|x64.ActiveCfg = Release|x64
		{9CBE1E94-9A93-4C01-AE2A-44710F508A58}.Release|x64.Build.0 = Release|x64
		{9CBE1E94-9A93-4C01-AE2A-44710F508A58}.Release|x86.ActiveCfg = Release|Win32
		{9CBE1E94-9A93-4C01-AE2A-44710F508A58}.Release|x86.Build.0 = Release|Win32
		{17EBE297-A71B-4B02-8EAA-59DC044F022F}.Debug|x64.ActiveCfg = Debug|x64
		{17EBE297-A71B-4B02-8EAA-59DC044F022F}.Debug|x64.Build.0 = Debug|x64
		{17EBE297-A71B-4B02-8EAA-59DC044F022F}.Debug|x86.ActiveCfg = Debug|Win32
		{17EBE297-A71B-4B02-8EAA-59DC044F022F}.Debug|x86.Build.0 = Debug|Win32
		{17EBE297-A71B-4B02-8EAA-59DC044F022F}.Release|x64.ActiveCfg = Release|x64
		{17EBE297-A71B-4B02-8EAA-59DC044F022F}.Release|x64.Build.0 = Release|x64
		{17EBE297-A71B-4B02-8EAA-59DC044F022F}.Release|x86.ActiveCfg = Release|Win32
		{17EBE297-A71B-4B02-8EAA-59DC044F022F}.Release|x86.Build.0 = Release|Win32
		{1E996AF2-B178-4024-96BF-CB634FDF58F3}.Debug|x64.ActiveCfg = Debug|x64
		{1E996AF2-B178-4024-96BF-CB634FDF58F3}.Debug|x64.Build.0 = Debug|x64
		{1E996AF2-B178-4024-96BF-CB634FDF58F3}.Debug|x86.ActiveCfg = Debug|Win32
		{1E996AF2-B178-4024-96BF-CB634FDF58F3}.Debug|x86.Build.0 = Debug|Win32
		{1E996AF2-B178-4024-96BF-CB634FDF58F3}.Release|x64.ActiveCfg = Release|x64
		{1E996AF2-B178-4024-96BF-CB634FDF58F3}.Release|x64.Build.0 = Release|x64
		{1E996AF2-B178-4024-96BF-CB634FDF58F3}.Release|x86.ActiveCfg = Release|Win32
		{1E996AF2-B178-4024-96BF-CB634FDF58F3}.Release|x86.Build.0 = Release|Win32
		{F1EDA2EC-1658-4594-9F50-3493B88F7AA0}.Debug|x64.ActiveCfg = Debug|x64
		{F1EDA2EC-1658-4594-9F50-3493B88F7AA0}.Debug|x64.Build.0 = Debug|x64
		{F1EDA2EC-1658-4594-9F50-3493B88F7AA0}.Debug|x86.ActiveCfg = Debug|Win32
		{F1EDA2EC-1658-4594-9F50-3493B88F7AA0}.Debug|x86.Build.0 = Debug|Win32
		{F1EDA2EC-1658-4594-9F50-3493B88F7AA0}.Release|x64.ActiveCfg = Release|x64
		{F1EDA2EC-1658-4594-9F50-3493B88F7AA0}.Release|x64.Build.0 = Release|x64
		{F1EDA2EC-1658-4594-9F50-3493B88F7AA0}.Release|x86.ActiveCfg = Release|Win32
		{F1EDA2EC-1658-4594-9F50-3493B88F7AA0}.Release|x86.Build.0 = Release|Win32
		{0B5BD8EC-2688-4124-89A3-A41835E71FE0}.Debug|x64.ActiveCfg = Debug|x64
		{0B5BD8EC-2688-4124-89A3-A41835E71FE0}.Debug|x64.Build.0 = Debug|x64
		{0B5BD8EC-2688-4124-89A3-A41835E71FE0}.Debug|x86.ActiveCfg = Debug|Win32
		{0B5BD8EC-2688-4124-89A3-A41835E71FE0}.Debug|x86.Build.0 = Debug|Win32
		{0B5BD8EC-2688-4124-89A3-A41835E71FE0}.Release|x64.ActiveCfg = Release|x64
		{0B5BD8EC-2688-4124-89A3-A41835E71FE0}.Release|x64.Build.0 = Release|x64
		{0B5BD8EC-2688-4124-89A3-A41835E71FE0}.Release|x86.ActiveCfg = Release|Win32
		{0B5BD8EC-2688-4124-89A3-A41835E71FE0}.Release|x86.Build.0 = Release|Win32
		{676E0CB7-20EB-4F8D-BDE0-EF73499FE260}.Debug|x64.ActiveCfg = Debug|x64
		{676E0CB7-20EB-4F8D-BDE0-EF73499FE260}.Debug|x64.Build.0 = Debug|x64
		{676E0CB7-20EB-4F8D-BDE0-EF73499FE260}.Debug|x86.ActiveCfg = Debug|Win32
		{676E0CB7-20EB-4F8D-BDE0-EF73499FE260}.Debug|x86.Build.0 = Debug|Win32
		{676E0CB7-20EB-4F8D-BDE0-EF73499FE260}.Release|x64.ActiveCfg = Release|x64
		{676E0CB7-20EB-4F8D-BDE0-EF73499FE260}.Release|x64.Build.0 = Release|x64
		{676E0CB7-20EB-4F8D-BDE0-EF73499FE260}.Release|x86.ActiveCfg = Release|Win32
		{676E0CB7-20EB-4F8D-BDE0-EF73499FE260}.Release|x86.Build.0 = Release|Win32
		{941DCAA4-B19B-4DD2-BF4E-862608F8DFA0}.Debug|x64.ActiveCfg = Debug|x64
		{941DCAA4-B19B-4DD2-BF4E-862608F8DFA0}.Debug|x64.Build.0 = Debug|x64
		{941DCAA4-B19B-4DD2-BF4E-862608F8DFA0}.Debug|x86.ActiveCfg = Debug|Win32
		{941DCAA4-B19B-4DD2-BF4E-862608F8DFA0}.Debug|x86.Build.0 = Debug|Win32
		{941DCAA4-B19B-4DD2-BF4E-862608F8DFA0}.Release|x64.ActiveCfg = Release|x64
		{941DCAA4-B19B-4DD2-BF4E-862608F8DFA0}.Release|x64.Build.0 = Release|x64
		{941DCAA4-B19B-4DD2-BF4E-862608F8DFA0}.Release|x86.ActiveCfg = Release|Win32
		{941DCAA4-B19B-4DD2-BF4E-862608F8DFA0}.Release|x86.Build.0 = Release|Win32
		{FFBDC1D4-5B8D-49B0-B4E2-8A19B65EF0FF}.Debug|x64.ActiveCfg = Debug|x64
		{FFBDC1D4-5B8D-49B0-B4E2-8A19B65EF0FF}.Debug|x64.Build.0 = Debug|x64
		{FFBDC1D4-5B8D-49B0-B4E2-8A19B65EF0FF}.Debug|x86.ActiveCfg = Debug|Win32
		{FFBDC1D4-5B8D-49B0-B4E2-8A19B65EF0FF}.Debug|x86.Build.0 = Debug|Win32
		{FFBDC1D4-5B8D-49B0-B4E2-8A19B65EF0FF}.Release|x64.ActiveCfg = Release|x64
		{FFBDC1D4-5B8D-49B0-B4E2-8A19B65EF0FF}.Release|x64.Build.0 = Release|x64
		{FFBDC1D4-5B8D-49B0-B4E2-8A19B65EF0FF}.Release|x86.ActiveCfg = Release|Win32
		{FFBDC1D4-5B8D-49B0-B4E2-8A19B65EF0FF}.Release|x86.Build.0 = Release|Win32
		{6160815A-2E2F-4322-9671-63D08B1C8AD4}.Debug|x64.ActiveCfg = Debug|x64
		{6160815A-2E2F-4322-9671-63D08B1C8AD4}.Debug|x64.Build.0 = Debug|x64
		{6160815A-2E2F-4322-9671-63D08B1C8AD4}.Debug|x86.ActiveCfg = Debug|Win32
		{6160815A-2E2F-4322-9671-63D08B1C8AD4}.Debug|x86.Build.0 = Debug|Win32
		{6160815A-2E2F-4322-9671-63D08B1C8AD4}.Release|x64.ActiveCfg = Release|x64
		{6160815A-2E2F-4322-9671-63D08B1C8AD4}.Release|x64.Build.0 = Release|x64
		{6160815A-2E2F-4322-9671-63D08B1C8AD4}.Release|x86.ActiveCfg = Release|Win32
		{6160815A-2E2F-4322-9671-63D08B1C8AD4}.Release|x86.Build.0 = Release|Win32
		{C171A910-80DC-4257-B1D2-C431145FE292}.Debug|x64.ActiveCfg = Debug|x64
		{C171A910-80DC-4257-B1D2-C431145FE292}.Debug|x64.Build.0 = Debug|x64
		{C171A910-80DC-4257-B1D2-C431145FE292}.Debug|x86.ActiveCfg = Debug|Win32
		{C171A910-80DC-4257-B1D2-C431145FE292}.Debug|x86.Build.0 = Debug|Win32
		{C171A910-80DC-4257-B1D2-C431145FE292}.Release|x64.ActiveCfg = Release|x64
		{C171A910-80DC-4257-B1D2-C431145FE292}.Release|x64.Build.0 = Release|x64
		{C171A910-80DC-4257-B1D2-C431145FE292}.Release|x86.ActiveCfg = Release|Win32
		{C171A910-80DC-4257-B1D2-C431145FE292}.Release|x86.Build.0 = Release|Win32
	EndGlobalSection
	GlobalSection(SolutionProperties) = preSolution
		HideSolutionNode = FALSE
	EndGlobalSection
	GlobalSection(ExtensibilityGlobals) = postSolution
		SolutionGuid = {4949254C-59FD-450B-A7AB-91D13DB4C5D1}
	EndGlobalSection
EndGlobal
